
Microsoft Visual Studio Solution File, Format Version 12.00
# Visual Studio Version 16
VisualStudioVersion = 16.0.30114.105
MinimumVisualStudioVersion = 15.0.26124.0
Project("{9A19103F-16F7-4668-BE54-9A1E7A4F7556}") = "EventManager", "EventManager.csproj", "{7C021C3C-9BCC-4C42-B8D2-A7A67DD4AA1E}"
EndProject
Project("{9A19103F-16F7-4668-BE54-9A1E7A4F7556}") = "Tests", "Tests\Tests.csproj", "{BA4A7210-0908-438C-8655-95D72DBD503F}"
EndProject
Project("{FAE04EC0-301F-11D3-BF4B-00C04F79EFBC}") = "ExecutableTest", "ExecutableTest\ExecutableTest.csproj", "{88EFE016-B9DF-436C-96E6-C3A0A6455AB8}"
EndProject
Global
	GlobalSection(SolutionConfigurationPlatforms) = preSolution
		Debug|Any CPU = Debug|Any CPU
		Debug|x64 = Debug|x64
		Debug|x86 = Debug|x86
		Release|Any CPU = Release|Any CPU
		Release|x64 = Release|x64
		Release|x86 = Release|x86
	EndGlobalSection
	GlobalSection(ProjectConfigurationPlatforms) = postSolution
		{7C021C3C-9BCC-4C42-B8D2-A7A67DD4AA1E}.Debug|Any CPU.ActiveCfg = Debug|Any CPU
		{7C021C3C-9BCC-4C42-B8D2-A7A67DD4AA1E}.Debug|Any CPU.Build.0 = Debug|Any CPU
		{7C021C3C-9BCC-4C42-B8D2-A7A67DD4AA1E}.Debug|x64.ActiveCfg = Debug|Any CPU
		{7C021C3C-9BCC-4C42-B8D2-A7A67DD4AA1E}.Debug|x64.Build.0 = Debug|Any CPU
		{7C021C3C-9BCC-4C42-B8D2-A7A67DD4AA1E}.Debug|x86.ActiveCfg = Debug|Any CPU
		{7C021C3C-9BCC-4C42-B8D2-A7A67DD4AA1E}.Debug|x86.Build.0 = Debug|Any CPU
		{7C021C3C-9BCC-4C42-B8D2-A7A67DD4AA1E}.Release|Any CPU.ActiveCfg = Release|Any CPU
		{7C021C3C-9BCC-4C42-B8D2-A7A67DD4AA1E}.Release|Any CPU.Build.0 = Release|Any CPU
		{7C021C3C-9BCC-4C42-B8D2-A7A67DD4AA1E}.Release|x64.ActiveCfg = Release|Any CPU
		{7C021C3C-9BCC-4C42-B8D2-A7A67DD4AA1E}.Release|x64.Build.0 = Release|Any CPU
		{7C021C3C-9BCC-4C42-B8D2-A7A67DD4AA1E}.Release|x86.ActiveCfg = Release|Any CPU
		{7C021C3C-9BCC-4C42-B8D2-A7A67DD4AA1E}.Release|x86.Build.0 = Release|Any CPU
		{BA4A7210-0908-438C-8655-95D72DBD503F}.Debug|Any CPU.ActiveCfg = Debug|Any CPU
		{BA4A7210-0908-438C-8655-95D72DBD503F}.Debug|Any CPU.Build.0 = Debug|Any CPU
		{BA4A7210-0908-438C-8655-95D72DBD503F}.Debug|x64.ActiveCfg = Debug|Any CPU
		{BA4A7210-0908-438C-8655-95D72DBD503F}.Debug|x64.Build.0 = Debug|Any CPU
		{BA4A7210-0908-438C-8655-95D72DBD503F}.Debug|x86.ActiveCfg = Debug|Any CPU
		{BA4A7210-0908-438C-8655-95D72DBD503F}.Debug|x86.Build.0 = Debug|Any CPU
		{BA4A7210-0908-438C-8655-95D72DBD503F}.Release|Any CPU.ActiveCfg = Release|Any CPU
		{BA4A7210-0908-438C-8655-95D72DBD503F}.Release|Any CPU.Build.0 = Release|Any CPU
		{BA4A7210-0908-438C-8655-95D72DBD503F}.Release|x64.ActiveCfg = Release|Any CPU
		{BA4A7210-0908-438C-8655-95D72DBD503F}.Release|x64.Build.0 = Release|Any CPU
		{BA4A7210-0908-438C-8655-95D72DBD503F}.Release|x86.ActiveCfg = Release|Any CPU
		{BA4A7210-0908-438C-8655-95D72DBD503F}.Release|x86.Build.0 = Release|Any CPU
		{88EFE016-B9DF-436C-96E6-C3A0A6455AB8}.Debug|Any CPU.ActiveCfg = Debug|Any CPU
		{88EFE016-B9DF-436C-96E6-C3A0A6455AB8}.Debug|Any CPU.Build.0 = Debug|Any CPU
		{88EFE016-B9DF-436C-96E6-C3A0A6455AB8}.Debug|x64.ActiveCfg = Debug|Any CPU
		{88EFE016-B9DF-436C-96E6-C3A0A6455AB8}.Debug|x64.Build.0 = Debug|Any CPU
		{88EFE016-B9DF-436C-96E6-C3A0A6455AB8}.Debug|x86.ActiveCfg = Debug|Any CPU
		{88EFE016-B9DF-436C-96E6-C3A0A6455AB8}.Debug|x86.Build.0 = Debug|Any CPU
		{88EFE016-B9DF-436C-96E6-C3A0A6455AB8}.Release|Any CPU.ActiveCfg = Release|Any CPU
		{88EFE016-B9DF-436C-96E6-C3A0A6455AB8}.Release|Any CPU.Build.0 = Release|Any CPU
		{88EFE016-B9DF-436C-96E6-C3A0A6455AB8}.Release|x64.ActiveCfg = Release|Any CPU
		{88EFE016-B9DF-436C-96E6-C3A0A6455AB8}.Release|x64.Build.0 = Release|Any CPU
		{88EFE016-B9DF-436C-96E6-C3A0A6455AB8}.Release|x86.ActiveCfg = Release|Any CPU
		{88EFE016-B9DF-436C-96E6-C3A0A6455AB8}.Release|x86.Build.0 = Release|Any CPU
	EndGlobalSection
	GlobalSection(SolutionProperties) = preSolution
		HideSolutionNode = FALSE
	EndGlobalSection
	GlobalSection(ExtensibilityGlobals) = postSolution
		SolutionGuid = {3A84E0A7-9B18-4853-BB33-AF5D40F11067}
	EndGlobalSection
EndGlobal
